{
  "name": "ipad_computer_use",
  "version": "0.1.0",
  "lockfileVersion": 3,
  "requires": true,
  "packages": {
    "": {
      "name": "ipad_computer_use",
      "version": "0.1.0",
      "license": "MIT",
      "workspaces": [
        "input_device",
        "control_server"
      ],
      "engines": {
        "node": ">=20"
      }
    },
    "control_server": {
      "name": "ipad_control_server",
      "version": "0.1.0",
      "license": "MIT",
      "dependencies": {
        "ipad_input_device": "file:../input_device",
        "ws": "8.21.3"
      },
      "engines": {
        "node": ">=20"
      }
    },
    "control_server/node_modules/ws": {
      "version": "8.21.3",
      "resolved": "https://registry.npmjs.org/ws/-/ws-8.21.3.tgz",
      "integrity": "sha512-201TZ/kPWxoPr/OKWjquZR1SWKXcvxdH+e1xrx89b3YbmzLMFCLfnaG1HFIgWzJOEWZ7MvpK++odZufgYR50Rw==",
      "license": "MIT",
      "engines": {
        "node": ">=10.0.0"
      },
      "peerDependencies": {
        "bufferutil": "^4.0.1",
        "utf-8-validate": ">=5.0.2"
      },
      "peerDependenciesMeta": {
        "bufferutil": {
          "optional": true
        },
        "utf-8-validate": {
          "optional": true
        }
      }
    },
    "input_device": {
      "name": "ipad_input_device",
      "version": "0.1.0",
      "license": "MIT",
      "bin": {
        "encode_input_actions": "scripts/encode_actions.js"
      },
      "engines": {
        "node": ">=20"
      }
    },
    "node_modules/ipad_control_server": {
      "resolved": "control_server",
      "link": true
    },
    "node_modules/ipad_input_device": {
      "resolved": "input_device",
      "link": true
    }
  }
}
